{
  "object": {
    "pins": [
      {
        "package": "SweetURLRequest",
        "repositoryURL": "https://github.com/ralfebert/SweetURLRequest.git",
        "state": {
          "branch": null,
          "revision": "040b9392d478c76d3c9798189712a0a0da061b16",
          "version": "0.1.3"
        }
      }
    ]
  },
  "version": 1
}
